
Microsoft Visual Studio Solution File, Format Version 12.00
# Visual Studio Version 16
VisualStudioVersion = 16.0.30717.126
MinimumVisualStudioVersion = 15.0.26124.0
Project("{9A19103F-16F7-4668-BE54-9A1E7A4F7556}") = "CSITDemo", "CSITDemo\CSITDemo.csproj", "{A040D9BE-ADBA-4B88-90A5-53185E66A125}"
EndProject
Global
	GlobalSection(SolutionConfigurationPlatforms) = preSolution
		Debug|Any CPU = Debug|Any CPU
		Debug|x64 = Debug|x64
		Debug|x86 = Debug|x86
		Release|Any CPU = Release|Any CPU
		Release|x64 = Release|x64
		Release|x86 = Release|x86
	EndGlobalSection
	GlobalSection(ProjectConfigurationPlatforms) = postSolution
		{A040D9BE-ADBA-4B88-90A5-53185E66A125}.Debug|Any CPU.ActiveCfg = Debug|Any CPU
		{A040D9BE-ADBA-4B88-90A5-53185E66A125}.Debug|Any CPU.Build.0 = Debug|Any CPU
		{A040D9BE-ADBA-4B88-90A5-53185E66A125}.Debug|x64.ActiveCfg = Debug|Any CPU
		{A040D9BE-ADBA-4B88-90A5-53185E66A125}.Debug|x64.Build.0 = Debug|Any CPU
		{A040D9BE-ADBA-4B88-90A5-53185E66A125}.Debug|x86.ActiveCfg = Debug|Any CPU
		{A040D9BE-ADBA-4B88-90A5-53185E66A125}.Debug|x86.Build.0 = Debug|Any CPU
		{A040D9BE-ADBA-4B88-90A5-53185E66A125}.Release|Any CPU.ActiveCfg = Release|Any CPU
		{A040D9BE-ADBA-4B88-90A5-53185E66A125}.Release|Any CPU.Build.0 = Release|Any CPU
		{A040D9BE-ADBA-4B88-90A5-53185E66A125}.Release|x64.ActiveCfg = Release|Any CPU
		{A040D9BE-ADBA-4B88-90A5-53185E66A125}.Release|x64.Build.0 = Release|Any CPU
		{A040D9BE-ADBA-4B88-90A5-53185E66A125}.Release|x86.ActiveCfg = Release|Any CPU
		{A040D9BE-ADBA-4B88-90A5-53185E66A125}.Release|x86.Build.0 = Release|Any CPU
	EndGlobalSection
	GlobalSection(SolutionProperties) = preSolution
		HideSolutionNode = FALSE
	EndGlobalSection
	GlobalSection(ExtensibilityGlobals) = postSolution
		SolutionGuid = {7292116D-80A6-4A4E-AB96-0DE7B7CE3F37}
	EndGlobalSection
EndGlobal
